
Microsoft Visual Studio Solution File, Format Version 12.00
# Visual Studio 15
VisualStudioVersion = 15.0.26430.16
MinimumVisualStudioVersion = 10.0.40219.1
Project("{FAE04EC0-301F-11D3-BF4B-00C04F79EFBC}") = "Bank", "Bank\Bank.csproj", "{4A49F786-D3C5-47FE-8434-23631C03ACD6}"
EndProject
Project("{FAE04EC0-301F-11D3-BF4B-00C04F79EFBC}") = "BankTests", "BankTests\BankTests.csproj", "{5B3D3BD9-22AE-45A9-B92D-B711DD55E591}"
EndProject
Global
	GlobalSection(SolutionConfigurationPlatforms) = preSolution
		Debug|Any CPU = Debug|Any CPU
		Release|Any CPU = Release|Any CPU
	EndGlobalSection
	GlobalSection(ProjectConfigurationPlatforms) = postSolution
		{4A49F786-D3C5-47FE-8434-23631C03ACD6}.Debug|Any CPU.ActiveCfg = Debug|Any CPU
		{4A49F786-D3C5-47FE-8434-23631C03ACD6}.Debug|Any CPU.Build.0 = Debug|Any CPU
		{4A49F786-D3C5-47FE-8434-23631C03ACD6}.Release|Any CPU.ActiveCfg = Release|Any CPU
		{4A49F786-D3C5-47FE-8434-23631C03ACD6}.Release|Any CPU.Build.0 = Release|Any CPU
		{5B3D3BD9-22AE-45A9-B92D-B711DD55E591}.Debug|Any CPU.ActiveCfg = Debug|Any CPU
		{5B3D3BD9-22AE-45A9-B92D-B711DD55E591}.Debug|Any CPU.Build.0 = Debug|Any CPU
		{5B3D3BD9-22AE-45A9-B92D-B711DD55E591}.Release|Any CPU.ActiveCfg = Release|Any CPU
		{5B3D3BD9-22AE-45A9-B92D-B711DD55E591}.Release|Any CPU.Build.0 = Release|Any CPU
	EndGlobalSection
	GlobalSection(SolutionProperties) = preSolution
		HideSolutionNode = FALSE
	EndGlobalSection
EndGlobal
